
Microsoft Visual Studio Solution File, Format Version 12.00
# Visual Studio Version 17
VisualStudioVersion = 17.3.32901.215
MinimumVisualStudioVersion = 10.0.40219.1
Project("{9092AA53-FB77-4645-B42D-1CCCA6BD08BD}") = "JS Training", "JS Training.njsproj", "{2F1A7169-1BE5-4A87-A452-56615EB88DC5}"
EndProject
Global
	GlobalSection(SolutionConfigurationPlatforms) = preSolution
		Debug|Any CPU = Debug|Any CPU
		Release|Any CPU = Release|Any CPU
	EndGlobalSection
	GlobalSection(ProjectConfigurationPlatforms) = postSolution
		{2F1A7169-1BE5-4A87-A452-56615EB88DC5}.Debug|Any CPU.ActiveCfg = Debug|Any CPU
		{2F1A7169-1BE5-4A87-A452-56615EB88DC5}.Debug|Any CPU.Build.0 = Debug|Any CPU
		{2F1A7169-1BE5-4A87-A452-56615EB88DC5}.Release|Any CPU.ActiveCfg = Release|Any CPU
		{2F1A7169-1BE5-4A87-A452-56615EB88DC5}.Release|Any CPU.Build.0 = Release|Any CPU
	EndGlobalSection
	GlobalSection(SolutionProperties) = preSolution
		HideSolutionNode = FALSE
	EndGlobalSection
	GlobalSection(ExtensibilityGlobals) = postSolution
		SolutionGuid = {E1FD1EB7-C3F0-437F-B6AF-F4BFEEEA0BED}
	EndGlobalSection
EndGlobal
